
Microsoft Visual Studio Solution File, Format Version 12.00
# Visual Studio 15
VisualStudioVersion = 15.0.28010.2046
MinimumVisualStudioVersion = 10.0.40219.1
Project("{9092AA53-FB77-4645-B42D-1CCCA6BD08BD}") = "cc4c", "cc4c.njsproj", "{202272FC-66AB-4C4C-9A10-0A99418080B8}"
EndProject
Global
	GlobalSection(SolutionConfigurationPlatforms) = preSolution
		Debug|Any CPU = Debug|Any CPU
		Release|Any CPU = Release|Any CPU
	EndGlobalSection
	GlobalSection(ProjectConfigurationPlatforms) = postSolution
		{202272FC-66AB-4C4C-9A10-0A99418080B8}.Debug|Any CPU.ActiveCfg = Debug|Any CPU
		{202272FC-66AB-4C4C-9A10-0A99418080B8}.Debug|Any CPU.Build.0 = Debug|Any CPU
		{202272FC-66AB-4C4C-9A10-0A99418080B8}.Release|Any CPU.ActiveCfg = Release|Any CPU
		{202272FC-66AB-4C4C-9A10-0A99418080B8}.Release|Any CPU.Build.0 = Release|Any CPU
	EndGlobalSection
	GlobalSection(SolutionProperties) = preSolution
		HideSolutionNode = FALSE
	EndGlobalSection
	GlobalSection(ExtensibilityGlobals) = postSolution
		SolutionGuid = {0B269C47-C737-4D1C-8C1B-21B787AA9706}
	EndGlobalSection
EndGlobal
